
Microsoft Visual Studio Solution File, Format Version 12.00
# Visual Studio 14
VisualStudioVersion = 14.0.25420.1
MinimumVisualStudioVersion = 10.0.40219.1
Project("{2150E333-8FDC-42A3-9474-1A3956D46DE8}") = "src", "src", "{DD64F328-024E-4FF8-827D-F1AA0B888577}"
EndProject
Project("{2150E333-8FDC-42A3-9474-1A3956D46DE8}") = "Solution Items", "Solution Items", "{0ED8075E-B29B-442E-9D91-6E6FB2CB320A}"
	ProjectSection(SolutionItems) = preProject
		global.json = global.json
	EndProjectSection
EndProject
Project("{8BB2217D-0F2D-49D1-97BC-3654ED321F3B}") = "Kruskal", "src\Kruskal\Kruskal.xproj", "{4E45E223-54DD-49E0-87B7-EE8227770A0C}"
EndProject
Global
	GlobalSection(SolutionConfigurationPlatforms) = preSolution
		Debug|Any CPU = Debug|Any CPU
		Release|Any CPU = Release|Any CPU
	EndGlobalSection
	GlobalSection(ProjectConfigurationPlatforms) = postSolution
		{4E45E223-54DD-49E0-87B7-EE8227770A0C}.Debug|Any CPU.ActiveCfg = Debug|Any CPU
		{4E45E223-54DD-49E0-87B7-EE8227770A0C}.Debug|Any CPU.Build.0 = Debug|Any CPU
		{4E45E223-54DD-49E0-87B7-EE8227770A0C}.Release|Any CPU.ActiveCfg = Release|Any CPU
		{4E45E223-54DD-49E0-87B7-EE8227770A0C}.Release|Any CPU.Build.0 = Release|Any CPU
	EndGlobalSection
	GlobalSection(SolutionProperties) = preSolution
		HideSolutionNode = FALSE
	EndGlobalSection
	GlobalSection(NestedProjects) = preSolution
		{4E45E223-54DD-49E0-87B7-EE8227770A0C} = {DD64F328-024E-4FF8-827D-F1AA0B888577}
	EndGlobalSection
EndGlobal
